// !$*UTF8*$!
{
	archiveVersion = 1;
	classes = {
	};
	objectVersion = 77;
	objects = {

/* Begin PBXBuildFile section */
		398E4F432F580FFC00E9C276 /* GRDB in Frameworks */ = {isa = PBXBuildFile; productRef = 398E4F422F580FFC00E9C276 /* GRDB */; };
		39D043642F74444400210254 /* Markdown in Frameworks */ = {isa = PBXBuildFile; productRef = 39D043632F74444400210254 /* Markdown */; };
		39D043692F74451A00210254 /* Markdownosaur in Frameworks */ = {isa = PBXBuildFile; productRef = 39D043682F74451A00210254 /* Markdownosaur */; };
/* End PBXBuildFile section */

/* Begin PBXContainerItemProxy section */
		39C9BF062F580D0600857160 /* PBXContainerItemProxy */ = {
			isa = PBXContainerItemProxy;
			containerPortal = 39C9BEF02F580D0400857160 /* Project object */;
			proxyType = 1;
			remoteGlobalIDString = 39C9BEF72F580D0400857160;
			remoteInfo = Pug;
		};
		39C9BF102F580D0600857160 /* PBXContainerItemProxy */ = {
			isa = PBXContainerItemProxy;
			containerPortal = 39C9BEF02F580D0400857160 /* Project object */;
			proxyType = 1;
			remoteGlobalIDString = 39C9BEF72F580D0400857160;
			remoteInfo = Pug;
		};
/* End PBXContainerItemProxy section */

/* Begin PBXFileReference section */
		39C9BEF82F580D0400857160 /* Pug.app */ = {isa = PBXFileReference; explicitFileType = wrapper.application; includeInIndex = 0; path = Pug.app; sourceTree = BUILT_PRODUCTS_DIR; };
		39C9BF052F580D0600857160 /* PugTests.xctest */ = {isa = PBXFileReference; explicitFileType = wrapper.cfbundle; includeInIndex = 0; path = PugTests.xctest; sourceTree = BUILT_PRODUCTS_DIR; };
		39C9BF0F2F580D0600857160 /* PugUITests.xctest */ = {isa = PBXFileReference; explicitFileType = wrapper.cfbundle; includeInIndex = 0; path = PugUITests.xctest; sourceTree = BUILT_PRODUCTS_DIR; };
/* End PBXFileReference section */

/* Begin PBXFileSystemSynchronizedBuildFileExceptionSet section */
		39621E1D2F5A99800085942B /* Exceptions for "Pug" folder in "Pug" target */ = {
			isa = PBXFileSystemSynchronizedBuildFileExceptionSet;
			membershipExceptions = (
				Info.plist,
			);
			target = 39C9BEF72F580D0400857160 /* Pug */;
		};
/* End PBXFileSystemSynchronizedBuildFileExceptionSet section */

/* Begin PBXFileSystemSynchronizedRootGroup section */
		39C9BEFA2F580D0400857160 /* Pug */ = {
			isa = PBXFileSystemSynchronizedRootGroup;
			exceptions = (
				39621E1D2F5A99800085942B /* Exceptions for "Pug" folder in "Pug" target */,
			);
			path = Pug;
			sourceTree = "<group>";
		};
		39C9BF082F580D0600857160 /* PugTests */ = {
			isa = PBXFileSystemSynchronizedRootGroup;
			path = PugTests;
			sourceTree = "<group>";
		};
		39C9BF122F580D0600857160 /* PugUITests */ = {
			isa = PBXFileSystemSynchronizedRootGroup;
			path = PugUITests;
			sourceTree = "<group>";
		};
/* End PBXFileSystemSynchronizedRootGroup section */

/* Begin PBXFrameworksBuildPhase section */
		39C9BEF52F580D0400857160 /* Frameworks */ = {
			isa = PBXFrameworksBuildPhase;
			buildActionMask = 2147483647;
			files = (
				39D043692F74451A00210254 /* Markdownosaur in Frameworks */,
				398E4F432F580FFC00E9C276 /* GRDB in Frameworks */,
				39D043642F74444400210254 /* Markdown in Frameworks */,
			);
			runOnlyForDeploymentPostprocessing = 0;
		};
		39C9BF022F580D0600857160 /* Frameworks */ = {
			isa = PBXFrameworksBuildPhase;
			buildActionMask = 2147483647;
			files = (
			);
			runOnlyForDeploymentPostprocessing = 0;
		};
		39C9BF0C2F580D0600857160 /* Frameworks */ = {
			isa = PBXFrameworksBuildPhase;
			buildActionMask = 2147483647;
			files = (
			);
			runOnlyForDeploymentPostprocessing = 0;
		};
/* End PBXFrameworksBuildPhase section */

/* Begin PBXGroup section */
		39C9BEEF2F580D0400857160 = {
			isa = PBXGroup;
			children = (
				39C9BEFA2F580D0400857160 /* Pug */,
				39C9BF082F580D0600857160 /* PugTests */,
				39C9BF122F580D0600857160 /* PugUITests */,
				39C9BEF92F580D0400857160 /* Products */,
			);
			sourceTree = "<group>";
		};
		39C9BEF92F580D0400857160 /* Products */ = {
			isa = PBXGroup;
			children = (
				39C9BEF82F580D0400857160 /* Pug.app */,
				39C9BF052F580D0600857160 /* PugTests.xctest */,
				39C9BF0F2F580D0600857160 /* PugUITests.xctest */,
			);
			name = Products;
			sourceTree = "<group>";
		};
/* End PBXGroup section */

/* Begin PBXNativeTarget section */
		39C9BEF72F580D0400857160 /* Pug */ = {
			isa = PBXNativeTarget;
			buildConfigurationList = 39C9BF192F580D0600857160 /* Build configuration list for PBXNativeTarget "Pug" */;
			buildPhases = (
				39C9BEF42F580D0400857160 /* Sources */,
				39C9BEF52F580D0400857160 /* Frameworks */,
				39C9BEF62F580D0400857160 /* Resources */,
			);
			buildRules = (
			);
			dependencies = (
			);
			fileSystemSynchronizedGroups = (
				39C9BEFA2F580D0400857160 /* Pug */,
			);
			name = Pug;
			packageProductDependencies = (
				398E4F422F580FFC00E9C276 /* GRDB */,
				39D043632F74444400210254 /* Markdown */,
				39D043682F74451A00210254 /* Markdownosaur */,
			);
			productName = Pug;
			productReference = 39C9BEF82F580D0400857160 /* Pug.app */;
			productType = "com.apple.product-type.application";
		};
		39C9BF042F580D0600857160 /* PugTests */ = {
			isa = PBXNativeTarget;
			buildConfigurationList = 39C9BF1C2F580D0600857160 /* Build configuration list for PBXNativeTarget "PugTests" */;
			buildPhases = (
				39C9BF012F580D0600857160 /* Sources */,
				39C9BF022F580D0600857160 /* Frameworks */,
				39C9BF032F580D0600857160 /* Resources */,
			);
			buildRules = (
			);
			dependencies = (
				39C9BF072F580D0600857160 /* PBXTargetDependency */,
			);
			fileSystemSynchronizedGroups = (
				39C9BF082F580D0600857160 /* PugTests */,
			);
			name = PugTests;
			packageProductDependencies = (
			);
			productName = PugTests;
			productReference = 39C9BF052F580D0600857160 /* PugTests.xctest */;
			productType = "com.apple.product-type.bundle.unit-test";
		};
		39C9BF0E2F580D0600857160 /* PugUITests */ = {
			isa = PBXNativeTarget;
			buildConfigurationList = 39C9BF1F2F580D0600857160 /* Build configuration list for PBXNativeTarget "PugUITests" */;
			buildPhases = (
				39C9BF0B2F580D0600857160 /* Sources */,
				39C9BF0C2F580D0600857160 /* Frameworks */,
				39C9BF0D2F580D0600857160 /* Resources */,
			);
			buildRules = (
			);
			dependencies = (
				39C9BF112F580D0600857160 /* PBXTargetDependency */,
			);
			fileSystemSynchronizedGroups = (
				39C9BF122F580D0600857160 /* PugUITests */,
			);
			name = PugUITests;
			packageProductDependencies = (
			);
			productName = PugUITests;
			productReference = 39C9BF0F2F580D0600857160 /* PugUITests.xctest */;
			productType = "com.apple.product-type.bundle.ui-testing";
		};
/* End PBXNativeTarget section */

/* Begin PBXProject section */
		39C9BEF02F580D0400857160 /* Project object */ = {
			isa = PBXProject;
			attributes = {
				BuildIndependentTargetsInParallel = 1;
				LastSwiftUpdateCheck = 2630;
				LastUpgradeCheck = 2640;
				TargetAttributes = {
					39C9BEF72F580D0400857160 = {
						CreatedOnToolsVersion = 26.3;
					};
					39C9BF042F580D0600857160 = {
						CreatedOnToolsVersion = 26.3;
						TestTargetID = 39C9BEF72F580D0400857160;
					};
					39C9BF0E2F580D0600857160 = {
						CreatedOnToolsVersion = 26.3;
						TestTargetID = 39C9BEF72F580D0400857160;
					};
				};
			};
			buildConfigurationList = 39C9BEF32F580D0400857160 /* Build configuration list for PBXProject "Pug" */;
			developmentRegion = en;
			hasScannedForEncodings = 0;
			knownRegions = (
				en,
				Base,
			);
			mainGroup = 39C9BEEF2F580D0400857160;
			minimizedProjectReferenceProxies = 1;
			packageReferences = (
				398E4F412F580FFC00E9C276 /* XCRemoteSwiftPackageReference "GRDB" */,
				39D043622F74444400210254 /* XCRemoteSwiftPackageReference "swift-markdown" */,
				39D043672F74451A00210254 /* XCRemoteSwiftPackageReference "Markdownosaur" */,
			);
			preferredProjectObjectVersion = 77;
			productRefGroup = 39C9BEF92F580D0400857160 /* Products */;
			projectDirPath = "";
			projectRoot = "";
			targets = (
				39C9BEF72F580D0400857160 /* Pug */,
				39C9BF042F580D0600857160 /* PugTests */,
				39C9BF0E2F580D0600857160 /* PugUITests */,
			);
		};
/* End PBXProject section */

/* Begin PBXResourcesBuildPhase section */
		39C9BEF62F580D0400857160 /* Resources */ = {
			isa = PBXResourcesBuildPhase;
			buildActionMask = 2147483647;
			files = (
			);
			runOnlyForDeploymentPostprocessing = 0;
		};
		39C9BF032F580D0600857160 /* Resources */ = {
			isa = PBXResourcesBuildPhase;
			buildActionMask = 2147483647;
			files = (
			);
			runOnlyForDeploymentPostprocessing = 0;
		};
		39C9BF0D2F580D0600857160 /* Resources */ = {
			isa = PBXResourcesBuildPhase;
			buildActionMask = 2147483647;
			files = (
			);
			runOnlyForDeploymentPostprocessing = 0;
		};
/* End PBXResourcesBuildPhase section */

/* Begin PBXSourcesBuildPhase section */
		39C9BEF42F580D0400857160 /* Sources */ = {
			isa = PBXSourcesBuildPhase;
			buildActionMask = 2147483647;
			files = (
			);
			runOnlyForDeploymentPostprocessing = 0;
		};
		39C9BF012F580D0600857160 /* Sources */ = {
			isa = PBXSourcesBuildPhase;
			buildActionMask = 2147483647;
			files = (
			);
			runOnlyForDeploymentPostprocessing = 0;
		};
		39C9BF0B2F580D0600857160 /* Sources */ = {
			isa = PBXSourcesBuildPhase;
			buildActionMask = 2147483647;
			files = (
			);
			runOnlyForDeploymentPostprocessing = 0;
		};
/* End PBXSourcesBuildPhase section */

/* Begin PBXTargetDependency section */
		39C9BF072F580D0600857160 /* PBXTargetDependency */ = {
			isa = PBXTargetDependency;
			target = 39C9BEF72F580D0400857160 /* Pug */;
			targetProxy = 39C9BF062F580D0600857160 /* PBXContainerItemProxy */;
		};
		39C9BF112F580D0600857160 /* PBXTargetDependency */ = {
			isa = PBXTargetDependency;
			target = 39C9BEF72F580D0400857160 /* Pug */;
			targetProxy = 39C9BF102F580D0600857160 /* PBXContainerItemProxy */;
		};
/* End PBXTargetDependency section */

/* Begin XCBuildConfiguration section */
		39C9BF172F580D0600857160 /* Debug */ = {
			isa = XCBuildConfiguration;
			buildSettings = {
				ALWAYS_SEARCH_USER_PATHS = NO;
				ASSETCATALOG_COMPILER_GENERATE_SWIFT_ASSET_SYMBOL_EXTENSIONS = YES;
				CLANG_ANALYZER_NONNULL = YES;
				CLANG_ANALYZER_NUMBER_OBJECT_CONVERSION = YES_AGGRESSIVE;
				CLANG_CXX_LANGUAGE_STANDARD = "gnu++20";
				CLANG_ENABLE_MODULES = YES;
				CLANG_ENABLE_OBJC_ARC = YES;
				CLANG_ENABLE_OBJC_WEAK = YES;
				CLANG_WARN_BLOCK_CAPTURE_AUTORELEASING = YES;
				CLANG_WARN_BOOL_CONVERSION = YES;
				CLANG_WARN_COMMA = YES;
				CLANG_WARN_CONSTANT_CONVERSION = YES;
				CLANG_WARN_DEPRECATED_OBJC_IMPLEMENTATIONS = YES;
				CLANG_WARN_DIRECT_OBJC_ISA_USAGE = YES_ERROR;
				CLANG_WARN_DOCUMENTATION_COMMENTS = YES;
				CLANG_WARN_EMPTY_BODY = YES;
				CLANG_WARN_ENUM_CONVERSION = YES;
				CLANG_WARN_INFINITE_RECURSION = YES;
				CLANG_WARN_INT_CONVERSION = YES;
				CLANG_WARN_NON_LITERAL_NULL_CONVERSION = YES;
				CLANG_WARN_OBJC_IMPLICIT_RETAIN_SELF = YES;
				CLANG_WARN_OBJC_LITERAL_CONVERSION = YES;
				CLANG_WARN_OBJC_ROOT_CLASS = YES_ERROR;
				CLANG_WARN_QUOTED_INCLUDE_IN_FRAMEWORK_HEADER = YES;
				CLANG_WARN_RANGE_LOOP_ANALYSIS = YES;
				CLANG_WARN_STRICT_PROTOTYPES = YES;
				CLANG_WARN_SUSPICIOUS_MOVE = YES;
				CLANG_WARN_UNGUARDED_AVAILABILITY = YES_AGGRESSIVE;
				CLANG_WARN_UNREACHABLE_CODE = YES;
				CLANG_WARN__DUPLICATE_METHOD_MATCH = YES;
				COPY_PHASE_STRIP = NO;
				DEBUG_INFORMATION_FORMAT = dwarf;
				ENABLE_STRICT_OBJC_MSGSEND = YES;
				ENABLE_TESTABILITY = YES;
				ENABLE_USER_SCRIPT_SANDBOXING = YES;
				GCC_C_LANGUAGE_STANDARD = gnu17;
				GCC_DYNAMIC_NO_PIC = NO;
				GCC_NO_COMMON_BLOCKS = YES;
				GCC_OPTIMIZATION_LEVEL = 0;
				GCC_PREPROCESSOR_DEFINITIONS = (
					"DEBUG=1",
					"$(inherited)",
				);
				GCC_WARN_64_TO_32_BIT_CONVERSION = YES;
				GCC_WARN_ABOUT_RETURN_TYPE = YES_ERROR;
				GCC_WARN_UNDECLARED_SELECTOR = YES;
				GCC_WARN_UNINITIALIZED_AUTOS = YES_AGGRESSIVE;
				GCC_WARN_UNUSED_FUNCTION = YES;
				GCC_WARN_UNUSED_VARIABLE = YES;
				IPHONEOS_DEPLOYMENT_TARGET = 26.2;
				LOCALIZATION_PREFERS_STRING_CATALOGS = YES;
				MTL_ENABLE_DEBUG_INFO = INCLUDE_SOURCE;
				MTL_FAST_MATH = YES;
				ONLY_ACTIVE_ARCH = YES;
				SDKROOT = iphoneos;
				STRING_CATALOG_GENERATE_SYMBOLS = YES;
				SWIFT_ACTIVE_COMPILATION_CONDITIONS = "DEBUG $(inherited)";
				SWIFT_OPTIMIZATION_LEVEL = "-Onone";
			};
			name = Debug;
		};
		39C9BF182F580D0600857160 /* Release */ = {
			isa = XCBuildConfiguration;
			buildSettings = {
				ALWAYS_SEARCH_USER_PATHS = NO;
				ASSETCATALOG_COMPILER_GENERATE_SWIFT_ASSET_SYMBOL_EXTENSIONS = YES;
				CLANG_ANALYZER_NONNULL = YES;
				CLANG_ANALYZER_NUMBER_OBJECT_CONVERSION = YES_AGGRESSIVE;
				CLANG_CXX_LANGUAGE_STANDARD = "gnu++20";
				CLANG_ENABLE_MODULES = YES;
				CLANG_ENABLE_OBJC_ARC = YES;
				CLANG_ENABLE_OBJC_WEAK = YES;
				CLANG_WARN_BLOCK_CAPTURE_AUTORELEASING = YES;
				CLANG_WARN_BOOL_CONVERSION = YES;
				CLANG_WARN_COMMA = YES;
				CLANG_WARN_CONSTANT_CONVERSION = YES;
				CLANG_WARN_DEPRECATED_OBJC_IMPLEMENTATIONS = YES;
				CLANG_WARN_DIRECT_OBJC_ISA_USAGE = YES_ERROR;
				CLANG_WARN_DOCUMENTATION_COMMENTS = YES;
				CLANG_WARN_EMPTY_BODY = YES;
				CLANG_WARN_ENUM_CONVERSION = YES;
				CLANG_WARN_INFINITE_RECURSION = YES;
				CLANG_WARN_INT_CONVERSION = YES;
				CLANG_WARN_NON_LITERAL_NULL_CONVERSION = YES;
				CLANG_WARN_OBJC_IMPLICIT_RETAIN_SELF = YES;
				CLANG_WARN_OBJC_LITERAL_CONVERSION = YES;
				CLANG_WARN_OBJC_ROOT_CLASS = YES_ERROR;
				CLANG_WARN_QUOTED_INCLUDE_IN_FRAMEWORK_HEADER = YES;
				CLANG_WARN_RANGE_LOOP_ANALYSIS = YES;
				CLANG_WARN_STRICT_PROTOTYPES = YES;
				CLANG_WARN_SUSPICIOUS_MOVE = YES;
				CLANG_WARN_UNGUARDED_AVAILABILITY = YES_AGGRESSIVE;
				CLANG_WARN_UNREACHABLE_CODE = YES;
				CLANG_WARN__DUPLICATE_METHOD_MATCH = YES;
				COPY_PHASE_STRIP = NO;
				DEBUG_INFORMATION_FORMAT = "dwarf-with-dsym";
				ENABLE_NS_ASSERTIONS = NO;
				ENABLE_STRICT_OBJC_MSGSEND = YES;
				ENABLE_USER_SCRIPT_SANDBOXING = YES;
				GCC_C_LANGUAGE_STANDARD = gnu17;
				GCC_NO_COMMON_BLOCKS = YES;
				GCC_WARN_64_TO_32_BIT_CONVERSION = YES;
				GCC_WARN_ABOUT_RETURN_TYPE = YES_ERROR;
				GCC_WARN_UNDECLARED_SELECTOR = YES;
				GCC_WARN_UNINITIALIZED_AUTOS = YES_AGGRESSIVE;
				GCC_WARN_UNUSED_FUNCTION = YES;
				GCC_WARN_UNUSED_VARIABLE = YES;
				IPHONEOS_DEPLOYMENT_TARGET = 26.2;
				LOCALIZATION_PREFERS_STRING_CATALOGS = YES;
				MTL_ENABLE_DEBUG_INFO = NO;
				MTL_FAST_MATH = YES;
				SDKROOT = iphoneos;
				STRING_CATALOG_GENERATE_SYMBOLS = YES;
				SWIFT_COMPILATION_MODE = wholemodule;
				VALIDATE_PRODUCT = YES;
			};
			name = Release;
		};
		39C9BF1A2F580D0600857160 /* Debug */ = {
			isa = XCBuildConfiguration;
			buildSettings = {
				ASSETCATALOG_COMPILER_APPICON_NAME = AppIcon;
				ASSETCATALOG_COMPILER_GLOBAL_ACCENT_COLOR_NAME = AccentColor;
				CODE_SIGN_STYLE = Automatic;
				CURRENT_PROJECT_VERSION = 1;
				DEVELOPMENT_TEAM = PHCUU4PQU9;
				ENABLE_PREVIEWS = YES;
				GENERATE_INFOPLIST_FILE = NO;
				INFOPLIST_FILE = Pug/Info.plist;
				INFOPLIST_KEY_CFBundleDisplayName = Pug;
				INFOPLIST_KEY_LSApplicationCategoryType = "public.app-category.education";
				INFOPLIST_KEY_UIApplicationSceneManifest_Generation = YES;
				INFOPLIST_KEY_UIApplicationSupportsIndirectInputEvents = YES;
				INFOPLIST_KEY_UILaunchScreen_Generation = YES;
				INFOPLIST_KEY_UISupportedInterfaceOrientations_iPad = "UIInterfaceOrientationPortrait UIInterfaceOrientationPortraitUpsideDown UIInterfaceOrientationLandscapeLeft UIInterfaceOrientationLandscapeRight";
				INFOPLIST_KEY_UISupportedInterfaceOrientations_iPhone = "UIInterfaceOrientationPortrait UIInterfaceOrientationLandscapeLeft UIInterfaceOrientationLandscapeRight";
				LD_RUNPATH_SEARCH_PATHS = (
					"$(inherited)",
					"@executable_path/Frameworks",
				);
				MARKETING_VERSION = 1.0;
				PRODUCT_BUNDLE_IDENTIFIER = me.aldebrn.Pug;
				PRODUCT_NAME = "$(TARGET_NAME)";
				STRING_CATALOG_GENERATE_SYMBOLS = YES;
				SWIFT_APPROACHABLE_CONCURRENCY = YES;
				SWIFT_DEFAULT_ACTOR_ISOLATION = MainActor;
				SWIFT_EMIT_LOC_STRINGS = YES;
				SWIFT_UPCOMING_FEATURE_MEMBER_IMPORT_VISIBILITY = YES;
				SWIFT_VERSION = 5.0;
				TARGETED_DEVICE_FAMILY = "1,2";
			};
			name = Debug;
		};
		39C9BF1B2F580D0600857160 /* Release */ = {
			isa = XCBuildConfiguration;
			buildSettings = {
				ASSETCATALOG_COMPILER_APPICON_NAME = AppIcon;
				ASSETCATALOG_COMPILER_GLOBAL_ACCENT_COLOR_NAME = AccentColor;
				CODE_SIGN_STYLE = Automatic;
				CURRENT_PROJECT_VERSION = 1;
				DEVELOPMENT_TEAM = PHCUU4PQU9;
				ENABLE_PREVIEWS = YES;
				GENERATE_INFOPLIST_FILE = NO;
				INFOPLIST_FILE = Pug/Info.plist;
				INFOPLIST_KEY_CFBundleDisplayName = Pug;
				INFOPLIST_KEY_LSApplicationCategoryType = "public.app-category.education";
				INFOPLIST_KEY_UIApplicationSceneManifest_Generation = YES;
				INFOPLIST_KEY_UIApplicationSupportsIndirectInputEvents = YES;
				INFOPLIST_KEY_UILaunchScreen_Generation = YES;
				INFOPLIST_KEY_UISupportedInterfaceOrientations_iPad = "UIInterfaceOrientationPortrait UIInterfaceOrientationPortraitUpsideDown UIInterfaceOrientationLandscapeLeft UIInterfaceOrientationLandscapeRight";
				INFOPLIST_KEY_UISupportedInterfaceOrientations_iPhone = "UIInterfaceOrientationPortrait UIInterfaceOrientationLandscapeLeft UIInterfaceOrientationLandscapeRight";
				LD_RUNPATH_SEARCH_PATHS = (
					"$(inherited)",
					"@executable_path/Frameworks",
				);
				MARKETING_VERSION = 1.0;
				PRODUCT_BUNDLE_IDENTIFIER = me.aldebrn.Pug;
				PRODUCT_NAME = "$(TARGET_NAME)";
				STRING_CATALOG_GENERATE_SYMBOLS = YES;
				SWIFT_APPROACHABLE_CONCURRENCY = YES;
				SWIFT_DEFAULT_ACTOR_ISOLATION = MainActor;
				SWIFT_EMIT_LOC_STRINGS = YES;
				SWIFT_UPCOMING_FEATURE_MEMBER_IMPORT_VISIBILITY = YES;
				SWIFT_VERSION = 5.0;
				TARGETED_DEVICE_FAMILY = "1,2";
			};
			name = Release;
		};
		39C9BF1D2F580D0600857160 /* Debug */ = {
			isa = XCBuildConfiguration;
			buildSettings = {
				BUNDLE_LOADER = "$(TEST_HOST)";
				CODE_SIGN_STYLE = Automatic;
				CURRENT_PROJECT_VERSION = 1;
				GENERATE_INFOPLIST_FILE = YES;
				IPHONEOS_DEPLOYMENT_TARGET = 26.2;
				MARKETING_VERSION = 1.0;
				PRODUCT_BUNDLE_IDENTIFIER = me.aldebrn.PugTests;
				PRODUCT_NAME = "$(TARGET_NAME)";
				STRING_CATALOG_GENERATE_SYMBOLS = NO;
				SWIFT_APPROACHABLE_CONCURRENCY = YES;
				SWIFT_EMIT_LOC_STRINGS = NO;
				SWIFT_UPCOMING_FEATURE_MEMBER_IMPORT_VISIBILITY = YES;
				SWIFT_VERSION = 5.0;
				TARGETED_DEVICE_FAMILY = "1,2";
				TEST_HOST = "$(BUILT_PRODUCTS_DIR)/Pug.app/$(BUNDLE_EXECUTABLE_FOLDER_PATH)/Pug";
			};
			name = Debug;
		};
		39C9BF1E2F580D0600857160 /* Release */ = {
			isa = XCBuildConfiguration;
			buildSettings = {
				BUNDLE_LOADER = "$(TEST_HOST)";
				CODE_SIGN_STYLE = Automatic;
				CURRENT_PROJECT_VERSION = 1;
				GENERATE_INFOPLIST_FILE = YES;
				IPHONEOS_DEPLOYMENT_TARGET = 26.2;
				MARKETING_VERSION = 1.0;
				PRODUCT_BUNDLE_IDENTIFIER = me.aldebrn.PugTests;
				PRODUCT_NAME = "$(TARGET_NAME)";
				STRING_CATALOG_GENERATE_SYMBOLS = NO;
				SWIFT_APPROACHABLE_CONCURRENCY = YES;
				SWIFT_EMIT_LOC_STRINGS = NO;
				SWIFT_UPCOMING_FEATURE_MEMBER_IMPORT_VISIBILITY = YES;
				SWIFT_VERSION = 5.0;
				TARGETED_DEVICE_FAMILY = "1,2";
				TEST_HOST = "$(BUILT_PRODUCTS_DIR)/Pug.app/$(BUNDLE_EXECUTABLE_FOLDER_PATH)/Pug";
			};
			name = Release;
		};
		39C9BF202F580D0600857160 /* Debug */ = {
			isa = XCBuildConfiguration;
			buildSettings = {
				CODE_SIGN_STYLE = Automatic;
				CURRENT_PROJECT_VERSION = 1;
				GENERATE_INFOPLIST_FILE = YES;
				MARKETING_VERSION = 1.0;
				PRODUCT_BUNDLE_IDENTIFIER = me.aldebrn.PugUITests;
				PRODUCT_NAME = "$(TARGET_NAME)";
				STRING_CATALOG_GENERATE_SYMBOLS = NO;
				SWIFT_APPROACHABLE_CONCURRENCY = YES;
				SWIFT_EMIT_LOC_STRINGS = NO;
				SWIFT_UPCOMING_FEATURE_MEMBER_IMPORT_VISIBILITY = YES;
				SWIFT_VERSION = 5.0;
				TARGETED_DEVICE_FAMILY = "1,2";
				TEST_TARGET_NAME = Pug;
			};
			name = Debug;
		};
		39C9BF212F580D0600857160 /* Release */ = {
			isa = XCBuildConfiguration;
			buildSettings = {
				CODE_SIGN_STYLE = Automatic;
				CURRENT_PROJECT_VERSION = 1;
				GENERATE_INFOPLIST_FILE = YES;
				MARKETING_VERSION = 1.0;
				PRODUCT_BUNDLE_IDENTIFIER = me.aldebrn.PugUITests;
				PRODUCT_NAME = "$(TARGET_NAME)";
				STRING_CATALOG_GENERATE_SYMBOLS = NO;
				SWIFT_APPROACHABLE_CONCURRENCY = YES;
				SWIFT_EMIT_LOC_STRINGS = NO;
				SWIFT_UPCOMING_FEATURE_MEMBER_IMPORT_VISIBILITY = YES;
				SWIFT_VERSION = 5.0;
				TARGETED_DEVICE_FAMILY = "1,2";
				TEST_TARGET_NAME = Pug;
			};
			name = Release;
		};
/* End XCBuildConfiguration section */

/* Begin XCConfigurationList section */
		39C9BEF32F580D0400857160 /* Build configuration list for PBXProject "Pug" */ = {
			isa = XCConfigurationList;
			buildConfigurations = (
				39C9BF172F580D0600857160 /* Debug */,
				39C9BF182F580D0600857160 /* Release */,
			);
			defaultConfigurationIsVisible = 0;
			defaultConfigurationName = Release;
		};
		39C9BF192F580D0600857160 /* Build configuration list for PBXNativeTarget "Pug" */ = {
			isa = XCConfigurationList;
			buildConfigurations = (
				39C9BF1A2F580D0600857160 /* Debug */,
				39C9BF1B2F580D0600857160 /* Release */,
			);
			defaultConfigurationIsVisible = 0;
			defaultConfigurationName = Release;
		};
		39C9BF1C2F580D0600857160 /* Build configuration list for PBXNativeTarget "PugTests" */ = {
			isa = XCConfigurationList;
			buildConfigurations = (
				39C9BF1D2F580D0600857160 /* Debug */,
				39C9BF1E2F580D0600857160 /* Release */,
			);
			defaultConfigurationIsVisible = 0;
			defaultConfigurationName = Release;
		};
		39C9BF1F2F580D0600857160 /* Build configuration list for PBXNativeTarget "PugUITests" */ = {
			isa = XCConfigurationList;
			buildConfigurations = (
				39C9BF202F580D0600857160 /* Debug */,
				39C9BF212F580D0600857160 /* Release */,
			);
			defaultConfigurationIsVisible = 0;
			defaultConfigurationName = Release;
		};
/* End XCConfigurationList section */

/* Begin XCRemoteSwiftPackageReference section */
		398E4F412F580FFC00E9C276 /* XCRemoteSwiftPackageReference "GRDB" */ = {
			isa = XCRemoteSwiftPackageReference;
			repositoryURL = "https://github.com/groue/GRDB.swift";
			requirement = {
				kind = upToNextMajorVersion;
				minimumVersion = 7.0.0;
			};
		};
		39D043622F74444400210254 /* XCRemoteSwiftPackageReference "swift-markdown" */ = {
			isa = XCRemoteSwiftPackageReference;
			repositoryURL = "https://github.com/swiftlang/swift-markdown";
			requirement = {
				kind = upToNextMajorVersion;
				minimumVersion = 0.7.3;
			};
		};
		39D043672F74451A00210254 /* XCRemoteSwiftPackageReference "Markdownosaur" */ = {
			isa = XCRemoteSwiftPackageReference;
			repositoryURL = "https://github.com/christianselig/Markdownosaur";
			requirement = {
				branch = main;
				kind = branch;
			};
		};
/* End XCRemoteSwiftPackageReference section */

/* Begin XCSwiftPackageProductDependency section */
		398E4F422F580FFC00E9C276 /* GRDB */ = {
			isa = XCSwiftPackageProductDependency;
			package = 398E4F412F580FFC00E9C276 /* XCRemoteSwiftPackageReference "GRDB" */;
			productName = GRDB;
		};
		39D043632F74444400210254 /* Markdown */ = {
			isa = XCSwiftPackageProductDependency;
			package = 39D043622F74444400210254 /* XCRemoteSwiftPackageReference "swift-markdown" */;
			productName = Markdown;
		};
		39D043682F74451A00210254 /* Markdownosaur */ = {
			isa = XCSwiftPackageProductDependency;
			package = 39D043672F74451A00210254 /* XCRemoteSwiftPackageReference "Markdownosaur" */;
			productName = Markdownosaur;
		};
/* End XCSwiftPackageProductDependency section */
	};
	rootObject = 39C9BEF02F580D0400857160 /* Project object */;
}
